// !$*UTF8*$!
{
	archiveVersion = 1;
	classes = {
	};
	objectVersion = 77;
	objects = {

/* Begin PBXBuildFile section */
		3E572A522CF79E3600BD79B7 /* ContentView.swift in Sources */ = {isa = PBXBuildFile; fileRef = 3E572A4F2CF79E3600BD79B7 /* ContentView.swift */; };
		3E572A532CF79E3600BD79B7 /* LocationAndPlaceLookupApp.swift in Sources */ = {isa = PBXBuildFile; fileRef = 3E572A502CF79E3600BD79B7 /* LocationAndPlaceLookupApp.swift */; };
		3E572A542CF79E3600BD79B7 /* Preview Assets.xcassets in Resources */ = {isa = PBXBuildFile; fileRef = 3E572A4C2CF79E3600BD79B7 /* Preview Assets.xcassets */; };
		3E572A552CF79E3600BD79B7 /* Assets.xcassets in Resources */ = {isa = PBXBuildFile; fileRef = 3E572A4E2CF79E3600BD79B7 /* Assets.xcassets */; };
		3E572A572CF79E4A00BD79B7 /* LocationManager.swift in Sources */ = {isa = PBXBuildFile; fileRef = 3E572A562CF79E4A00BD79B7 /* LocationManager.swift */; };
		3E608EA82CFAB1F5008DB8D5 /* PlaceLookupView.swift in Sources */ = {isa = PBXBuildFile; fileRef = 3E608EA72CFAB1F5008DB8D5 /* PlaceLookupView.swift */; };
		3E608EAA2CFAB3A1008DB8D5 /* Place.swift in Sources */ = {isa = PBXBuildFile; fileRef = 3E608EA92CFAB3A1008DB8D5 /* Place.swift */; };
		3E608EAC2CFAB517008DB8D5 /* PlaceLookupViewModel.swift in Sources */ = {isa = PBXBuildFile; fileRef = 3E608EAB2CFAB517008DB8D5 /* PlaceLookupViewModel.swift */; };
/* End PBXBuildFile section */

/* Begin PBXFileReference section */
		3E572A3B2CF79E0D00BD79B7 /* LocationAndPlaceLookup.app */ = {isa = PBXFileReference; explicitFileType = wrapper.application; includeInIndex = 0; path = LocationAndPlaceLookup.app; sourceTree = BUILT_PRODUCTS_DIR; };
		3E572A4C2CF79E3600BD79B7 /* Preview Assets.xcassets */ = {isa = PBXFileReference; lastKnownFileType = folder.assetcatalog; path = "Preview Assets.xcassets"; sourceTree = "<group>"; };
		3E572A4E2CF79E3600BD79B7 /* Assets.xcassets */ = {isa = PBXFileReference; lastKnownFileType = folder.assetcatalog; path = Assets.xcassets; sourceTree = "<group>"; };
		3E572A4F2CF79E3600BD79B7 /* ContentView.swift */ = {isa = PBXFileReference; lastKnownFileType = sourcecode.swift; path = ContentView.swift; sourceTree = "<group>"; };
		3E572A502CF79E3600BD79B7 /* LocationAndPlaceLookupApp.swift */ = {isa = PBXFileReference; lastKnownFileType = sourcecode.swift; path = LocationAndPlaceLookupApp.swift; sourceTree = "<group>"; };
		3E572A562CF79E4A00BD79B7 /* LocationManager.swift */ = {isa = PBXFileReference; lastKnownFileType = sourcecode.swift; path = LocationManager.swift; sourceTree = "<group>"; };
		3E608EA62CFAB1CA008DB8D5 /* Info.plist */ = {isa = PBXFileReference; lastKnownFileType = text.plist; path = Info.plist; sourceTree = "<group>"; };
		3E608EA72CFAB1F5008DB8D5 /* PlaceLookupView.swift */ = {isa = PBXFileReference; lastKnownFileType = sourcecode.swift; path = PlaceLookupView.swift; sourceTree = "<group>"; };
		3E608EA92CFAB3A1008DB8D5 /* Place.swift */ = {isa = PBXFileReference; lastKnownFileType = sourcecode.swift; path = Place.swift; sourceTree = "<group>"; };
		3E608EAB2CFAB517008DB8D5 /* PlaceLookupViewModel.swift */ = {isa = PBXFileReference; lastKnownFileType = sourcecode.swift; path = PlaceLookupViewModel.swift; sourceTree = "<group>"; };
/* End PBXFileReference section */

/* Begin PBXFrameworksBuildPhase section */
		3E572A382CF79E0D00BD79B7 /* Frameworks */ = {
			isa = PBXFrameworksBuildPhase;
			buildActionMask = 2147483647;
			files = (
			);
			runOnlyForDeploymentPostprocessing = 0;
		};
/* End PBXFrameworksBuildPhase section */

/* Begin PBXGroup section */
		3E572A322CF79E0D00BD79B7 = {
			isa = PBXGroup;
			children = (
				3E572A512CF79E3600BD79B7 /* LocationAndPlaceLookup */,
				3E572A3C2CF79E0D00BD79B7 /* Products */,
			);
			sourceTree = "<group>";
		};
		3E572A3C2CF79E0D00BD79B7 /* Products */ = {
			isa = PBXGroup;
			children = (
				3E572A3B2CF79E0D00BD79B7 /* LocationAndPlaceLookup.app */,
			);
			name = Products;
			sourceTree = "<group>";
		};
		3E572A4D2CF79E3600BD79B7 /* Preview Content */ = {
			isa = PBXGroup;
			children = (
				3E572A4C2CF79E3600BD79B7 /* Preview Assets.xcassets */,
			);
			path = "Preview Content";
			sourceTree = "<group>";
		};
		3E572A512CF79E3600BD79B7 /* LocationAndPlaceLookup */ = {
			isa = PBXGroup;
			children = (
				3E608EA62CFAB1CA008DB8D5 /* Info.plist */,
				3E572A502CF79E3600BD79B7 /* LocationAndPlaceLookupApp.swift */,
				3E608EA92CFAB3A1008DB8D5 /* Place.swift */,
				3E608EAB2CFAB517008DB8D5 /* PlaceLookupViewModel.swift */,
				3E572A562CF79E4A00BD79B7 /* LocationManager.swift */,
				3E572A4F2CF79E3600BD79B7 /* ContentView.swift */,
				3E608EA72CFAB1F5008DB8D5 /* PlaceLookupView.swift */,
				3E572A4E2CF79E3600BD79B7 /* Assets.xcassets */,
				3E572A4D2CF79E3600BD79B7 /* Preview Content */,
			);
			path = LocationAndPlaceLookup;
			sourceTree = "<group>";
		};
/* End PBXGroup section */

/* Begin PBXNativeTarget section */
		3E572A3A2CF79E0D00BD79B7 /* LocationAndPlaceLookup */ = {
			isa = PBXNativeTarget;
			buildConfigurationList = 3E572A492CF79E0E00BD79B7 /* Build configuration list for PBXNativeTarget "LocationAndPlaceLookup" */;
			buildPhases = (
				3E572A372CF79E0D00BD79B7 /* Sources */,
				3E572A382CF79E0D00BD79B7 /* Frameworks */,
				3E572A392CF79E0D00BD79B7 /* Resources */,
			);
			buildRules = (
			);
			dependencies = (
			);
			name = LocationAndPlaceLookup;
			packageProductDependencies = (
			);
			productName = LocationAndPlaceLookup;
			productReference = 3E572A3B2CF79E0D00BD79B7 /* LocationAndPlaceLookup.app */;
			productType = "com.apple.product-type.application";
		};
/* End PBXNativeTarget section */

/* Begin PBXProject section */
		3E572A332CF79E0D00BD79B7 /* Project object */ = {
			isa = PBXProject;
			attributes = {
				BuildIndependentTargetsInParallel = 1;
				LastSwiftUpdateCheck = 1600;
				LastUpgradeCheck = 1600;
				TargetAttributes = {
					3E572A3A2CF79E0D00BD79B7 = {
						CreatedOnToolsVersion = 16.0;
					};
				};
			};
			buildConfigurationList = 3E572A362CF79E0D00BD79B7 /* Build configuration list for PBXProject "LocationAndPlaceLookup" */;
			developmentRegion = en;
			hasScannedForEncodings = 0;
			knownRegions = (
				en,
				Base,
			);
			mainGroup = 3E572A322CF79E0D00BD79B7;
			minimizedProjectReferenceProxies = 1;
			preferredProjectObjectVersion = 77;
			productRefGroup = 3E572A3C2CF79E0D00BD79B7 /* Products */;
			projectDirPath = "";
			projectRoot = "";
			targets = (
				3E572A3A2CF79E0D00BD79B7 /* LocationAndPlaceLookup */,
			);
		};
/* End PBXProject section */

/* Begin PBXResourcesBuildPhase section */
		3E572A392CF79E0D00BD79B7 /* Resources */ = {
			isa = PBXResourcesBuildPhase;
			buildActionMask = 2147483647;
			files = (
				3E572A542CF79E3600BD79B7 /* Preview Assets.xcassets in Resources */,
				3E572A552CF79E3600BD79B7 /* Assets.xcassets in Resources */,
			);
			runOnlyForDeploymentPostprocessing = 0;
		};
/* End PBXResourcesBuildPhase section */

/* Begin PBXSourcesBuildPhase section */
		3E572A372CF79E0D00BD79B7 /* Sources */ = {
			isa = PBXSourcesBuildPhase;
			buildActionMask = 2147483647;
			files = (
				3E572A522CF79E3600BD79B7 /* ContentView.swift in Sources */,
				3E572A532CF79E3600BD79B7 /* LocationAndPlaceLookupApp.swift in Sources */,
				3E608EA82CFAB1F5008DB8D5 /* PlaceLookupView.swift in Sources */,
				3E572A572CF79E4A00BD79B7 /* LocationManager.swift in Sources */,
				3E608EAC2CFAB517008DB8D5 /* PlaceLookupViewModel.swift in Sources */,
				3E608EAA2CFAB3A1008DB8D5 /* Place.swift in Sources */,
			);
			runOnlyForDeploymentPostprocessing = 0;
		};
/* End PBXSourcesBuildPhase section */

/* Begin XCBuildConfiguration section */
		3E572A472CF79E0E00BD79B7 /* Debug */ = {
			isa = XCBuildConfiguration;
			buildSettings = {
				ALWAYS_SEARCH_USER_PATHS = NO;
				ASSETCATALOG_COMPILER_GENERATE_SWIFT_ASSET_SYMBOL_EXTENSIONS = YES;
				CLANG_ANALYZER_NONNULL = YES;
				CLANG_ANALYZER_NUMBER_OBJECT_CONVERSION = YES_AGGRESSIVE;
				CLANG_CXX_LANGUAGE_STANDARD = "gnu++20";
				CLANG_ENABLE_MODULES = YES;
				CLANG_ENABLE_OBJC_ARC = YES;
				CLANG_ENABLE_OBJC_WEAK = YES;
				CLANG_WARN_BLOCK_CAPTURE_AUTORELEASING = YES;
				CLANG_WARN_BOOL_CONVERSION = YES;
				CLANG_WARN_COMMA = YES;
				CLANG_WARN_CONSTANT_CONVERSION = YES;
				CLANG_WARN_DEPRECATED_OBJC_IMPLEMENTATIONS = YES;
				CLANG_WARN_DIRECT_OBJC_ISA_USAGE = YES_ERROR;
				CLANG_WARN_DOCUMENTATION_COMMENTS = YES;
				CLANG_WARN_EMPTY_BODY = YES;
				CLANG_WARN_ENUM_CONVERSION = YES;
				CLANG_WARN_INFINITE_RECURSION = YES;
				CLANG_WARN_INT_CONVERSION = YES;
				CLANG_WARN_NON_LITERAL_NULL_CONVERSION = YES;
				CLANG_WARN_OBJC_IMPLICIT_RETAIN_SELF = YES;
				CLANG_WARN_OBJC_LITERAL_CONVERSION = YES;
				CLANG_WARN_OBJC_ROOT_CLASS = YES_ERROR;
				CLANG_WARN_QUOTED_INCLUDE_IN_FRAMEWORK_HEADER = YES;
				CLANG_WARN_RANGE_LOOP_ANALYSIS = YES;
				CLANG_WARN_STRICT_PROTOTYPES = YES;
				CLANG_WARN_SUSPICIOUS_MOVE = YES;
				CLANG_WARN_UNGUARDED_AVAILABILITY = YES_AGGRESSIVE;
				CLANG_WARN_UNREACHABLE_CODE = YES;
				CLANG_WARN__DUPLICATE_METHOD_MATCH = YES;
				COPY_PHASE_STRIP = NO;
				DEBUG_INFORMATION_FORMAT = dwarf;
				ENABLE_STRICT_OBJC_MSGSEND = YES;
				ENABLE_TESTABILITY = YES;
				ENABLE_USER_SCRIPT_SANDBOXING = YES;
				GCC_C_LANGUAGE_STANDARD = gnu17;
				GCC_DYNAMIC_NO_PIC = NO;
				GCC_NO_COMMON_BLOCKS = YES;
				GCC_OPTIMIZATION_LEVEL = 0;
				GCC_PREPROCESSOR_DEFINITIONS = (
					"DEBUG=1",
					"$(inherited)",
				);
				GCC_WARN_64_TO_32_BIT_CONVERSION = YES;
				GCC_WARN_ABOUT_RETURN_TYPE = YES_ERROR;
				GCC_WARN_UNDECLARED_SELECTOR = YES;
				GCC_WARN_UNINITIALIZED_AUTOS = YES_AGGRESSIVE;
				GCC_WARN_UNUSED_FUNCTION = YES;
				GCC_WARN_UNUSED_VARIABLE = YES;
				IPHONEOS_DEPLOYMENT_TARGET = 18.0;
				LOCALIZATION_PREFERS_STRING_CATALOGS = YES;
				MTL_ENABLE_DEBUG_INFO = INCLUDE_SOURCE;
				MTL_FAST_MATH = YES;
				ONLY_ACTIVE_ARCH = YES;
				SDKROOT = iphoneos;
				SWIFT_ACTIVE_COMPILATION_CONDITIONS = "DEBUG $(inherited)";
				SWIFT_OPTIMIZATION_LEVEL = "-Onone";
			};
			name = Debug;
		};
		3E572A482CF79E0E00BD79B7 /* Release */ = {
			isa = XCBuildConfiguration;
			buildSettings = {
				ALWAYS_SEARCH_USER_PATHS = NO;
				ASSETCATALOG_COMPILER_GENERATE_SWIFT_ASSET_SYMBOL_EXTENSIONS = YES;
				CLANG_ANALYZER_NONNULL = YES;
				CLANG_ANALYZER_NUMBER_OBJECT_CONVERSION = YES_AGGRESSIVE;
				CLANG_CXX_LANGUAGE_STANDARD = "gnu++20";
				CLANG_ENABLE_MODULES = YES;
				CLANG_ENABLE_OBJC_ARC = YES;
				CLANG_ENABLE_OBJC_WEAK = YES;
				CLANG_WARN_BLOCK_CAPTURE_AUTORELEASING = YES;
				CLANG_WARN_BOOL_CONVERSION = YES;
				CLANG_WARN_COMMA = YES;
				CLANG_WARN_CONSTANT_CONVERSION = YES;
				CLANG_WARN_DEPRECATED_OBJC_IMPLEMENTATIONS = YES;
				CLANG_WARN_DIRECT_OBJC_ISA_USAGE = YES_ERROR;
				CLANG_WARN_DOCUMENTATION_COMMENTS = YES;
				CLANG_WARN_EMPTY_BODY = YES;
				CLANG_WARN_ENUM_CONVERSION = YES;
				CLANG_WARN_INFINITE_RECURSION = YES;
				CLANG_WARN_INT_CONVERSION = YES;
				CLANG_WARN_NON_LITERAL_NULL_CONVERSION = YES;
				CLANG_WARN_OBJC_IMPLICIT_RETAIN_SELF = YES;
				CLANG_WARN_OBJC_LITERAL_CONVERSION = YES;
				CLANG_WARN_OBJC_ROOT_CLASS = YES_ERROR;
				CLANG_WARN_QUOTED_INCLUDE_IN_FRAMEWORK_HEADER = YES;
				CLANG_WARN_RANGE_LOOP_ANALYSIS = YES;
				CLANG_WARN_STRICT_PROTOTYPES = YES;
				CLANG_WARN_SUSPICIOUS_MOVE = YES;
				CLANG_WARN_UNGUARDED_AVAILABILITY = YES_AGGRESSIVE;
				CLANG_WARN_UNREACHABLE_CODE = YES;
				CLANG_WARN__DUPLICATE_METHOD_MATCH = YES;
				COPY_PHASE_STRIP = NO;
				DEBUG_INFORMATION_FORMAT = "dwarf-with-dsym";
				ENABLE_NS_ASSERTIONS = NO;
				ENABLE_STRICT_OBJC_MSGSEND = YES;
				ENABLE_USER_SCRIPT_SANDBOXING = YES;
				GCC_C_LANGUAGE_STANDARD = gnu17;
				GCC_NO_COMMON_BLOCKS = YES;
				GCC_WARN_64_TO_32_BIT_CONVERSION = YES;
				GCC_WARN_ABOUT_RETURN_TYPE = YES_ERROR;
				GCC_WARN_UNDECLARED_SELECTOR = YES;
				GCC_WARN_UNINITIALIZED_AUTOS = YES_AGGRESSIVE;
				GCC_WARN_UNUSED_FUNCTION = YES;
				GCC_WARN_UNUSED_VARIABLE = YES;
				IPHONEOS_DEPLOYMENT_TARGET = 18.0;
				LOCALIZATION_PREFERS_STRING_CATALOGS = YES;
				MTL_ENABLE_DEBUG_INFO = NO;
				MTL_FAST_MATH = YES;
				SDKROOT = iphoneos;
				SWIFT_COMPILATION_MODE = wholemodule;
				VALIDATE_PRODUCT = YES;
			};
			name = Release;
		};
		3E572A4A2CF79E0E00BD79B7 /* Debug */ = {
			isa = XCBuildConfiguration;
			buildSettings = {
				ASSETCATALOG_COMPILER_APPICON_NAME = AppIcon;
				ASSETCATALOG_COMPILER_GLOBAL_ACCENT_COLOR_NAME = AccentColor;
				CODE_SIGN_STYLE = Automatic;
				CURRENT_PROJECT_VERSION = 1;
				DEVELOPMENT_ASSET_PATHS = "\"LocationAndPlaceLookup/Preview Content\"";
				DEVELOPMENT_TEAM = 9937BJYLPH;
				ENABLE_PREVIEWS = YES;
				GENERATE_INFOPLIST_FILE = YES;
				INFOPLIST_FILE = LocationAndPlaceLookup/Info.plist;
				INFOPLIST_KEY_NSLocationWhenInUseUsageDescription = "This app requires access to the device's location.";
				INFOPLIST_KEY_UIApplicationSceneManifest_Generation = YES;
				INFOPLIST_KEY_UIApplicationSupportsIndirectInputEvents = YES;
				INFOPLIST_KEY_UISupportedInterfaceOrientations_iPad = "UIInterfaceOrientationPortrait UIInterfaceOrientationPortraitUpsideDown UIInterfaceOrientationLandscapeLeft UIInterfaceOrientationLandscapeRight";
				INFOPLIST_KEY_UISupportedInterfaceOrientations_iPhone = "UIInterfaceOrientationPortrait UIInterfaceOrientationLandscapeLeft UIInterfaceOrientationLandscapeRight";
				LD_RUNPATH_SEARCH_PATHS = (
					"$(inherited)",
					"@executable_path/Frameworks",
				);
				MARKETING_VERSION = 1.0;
				PRODUCT_BUNDLE_IDENTIFIER = com.gallaugher.LocationAndPlaceLookup;
				PRODUCT_NAME = "$(TARGET_NAME)";
				SWIFT_EMIT_LOC_STRINGS = YES;
				SWIFT_VERSION = 5.0;
				TARGETED_DEVICE_FAMILY = "1,2";
			};
			name = Debug;
		};
		3E572A4B2CF79E0E00BD79B7 /* Release */ = {
			isa = XCBuildConfiguration;
			buildSettings = {
				ASSETCATALOG_COMPILER_APPICON_NAME = AppIcon;
				ASSETCATALOG_COMPILER_GLOBAL_ACCENT_COLOR_NAME = AccentColor;
				CODE_SIGN_STYLE = Automatic;
				CURRENT_PROJECT_VERSION = 1;
				DEVELOPMENT_ASSET_PATHS = "\"LocationAndPlaceLookup/Preview Content\"";
				DEVELOPMENT_TEAM = 9937BJYLPH;
				ENABLE_PREVIEWS = YES;
				GENERATE_INFOPLIST_FILE = YES;
				INFOPLIST_FILE = LocationAndPlaceLookup/Info.plist;
				INFOPLIST_KEY_NSLocationWhenInUseUsageDescription = "This app requires access to the device's location.";
				INFOPLIST_KEY_UIApplicationSceneManifest_Generation = YES;
				INFOPLIST_KEY_UIApplicationSupportsIndirectInputEvents = YES;
				INFOPLIST_KEY_UISupportedInterfaceOrientations_iPad = "UIInterfaceOrientationPortrait UIInterfaceOrientationPortraitUpsideDown UIInterfaceOrientationLandscapeLeft UIInterfaceOrientationLandscapeRight";
				INFOPLIST_KEY_UISupportedInterfaceOrientations_iPhone = "UIInterfaceOrientationPortrait UIInterfaceOrientationLandscapeLeft UIInterfaceOrientationLandscapeRight";
				LD_RUNPATH_SEARCH_PATHS = (
					"$(inherited)",
					"@executable_path/Frameworks",
				);
				MARKETING_VERSION = 1.0;
				PRODUCT_BUNDLE_IDENTIFIER = com.gallaugher.LocationAndPlaceLookup;
				PRODUCT_NAME = "$(TARGET_NAME)";
				SWIFT_EMIT_LOC_STRINGS = YES;
				SWIFT_VERSION = 5.0;
				TARGETED_DEVICE_FAMILY = "1,2";
			};
			name = Release;
		};
/* End XCBuildConfiguration section */

/* Begin XCConfigurationList section */
		3E572A362CF79E0D00BD79B7 /* Build configuration list for PBXProject "LocationAndPlaceLookup" */ = {
			isa = XCConfigurationList;
			buildConfigurations = (
				3E572A472CF79E0E00BD79B7 /* Debug */,
				3E572A482CF79E0E00BD79B7 /* Release */,
			);
			defaultConfigurationIsVisible = 0;
			defaultConfigurationName = Release;
		};
		3E572A492CF79E0E00BD79B7 /* Build configuration list for PBXNativeTarget "LocationAndPlaceLookup" */ = {
			isa = XCConfigurationList;
			buildConfigurations = (
				3E572A4A2CF79E0E00BD79B7 /* Debug */,
				3E572A4B2CF79E0E00BD79B7 /* Release */,
			);
			defaultConfigurationIsVisible = 0;
			defaultConfigurationName = Release;
		};
/* End XCConfigurationList section */
	};
	rootObject = 3E572A332CF79E0D00BD79B7 /* Project object */;
}
